
Microsoft Visual Studio Solution File, Format Version 12.00
# Visual Studio Version 17
VisualStudioVersion = 17.4.33110.190
MinimumVisualStudioVersion = 10.0.40219.1
Project("{FAE04EC0-301F-11D3-BF4B-00C04F79EFBC}") = "HANDS ON LAB", "HANDS ON LAB\HANDS ON LAB.csproj", "{9CCF7E5D-C5A4-4315-8607-5556063928BF}"
EndProject
Global
	GlobalSection(SolutionConfigurationPlatforms) = preSolution
		Debug|Any CPU = Debug|Any CPU
		Release|Any CPU = Release|Any CPU
	EndGlobalSection
	GlobalSection(ProjectConfigurationPlatforms) = postSolution
		{9CCF7E5D-C5A4-4315-8607-5556063928BF}.Debug|Any CPU.ActiveCfg = Debug|Any CPU
		{9CCF7E5D-C5A4-4315-8607-5556063928BF}.Debug|Any CPU.Build.0 = Debug|Any CPU
		{9CCF7E5D-C5A4-4315-8607-5556063928BF}.Release|Any CPU.ActiveCfg = Release|Any CPU
		{9CCF7E5D-C5A4-4315-8607-5556063928BF}.Release|Any CPU.Build.0 = Release|Any CPU
	EndGlobalSection
	GlobalSection(SolutionProperties) = preSolution
		HideSolutionNode = FALSE
	EndGlobalSection
	GlobalSection(ExtensibilityGlobals) = postSolution
		SolutionGuid = {3E2C5CCA-620E-412A-9913-3242A8FAB892}
	EndGlobalSection
EndGlobal
